
Microsoft Visual Studio Solution File, Format Version 12.00
# Visual Studio 15
VisualStudioVersion = 15.0.27130.2020
MinimumVisualStudioVersion = 10.0.40219.1
Project("{8BC9CEB8-8B4A-11D0-8D11-00A0C91BC942}") = "Lab01", "Lab01\Lab01.vcxproj", "{BFB9BB42-5A15-4087-8A60-7F600A3A6623}"
EndProject
Global
	GlobalSection(SolutionConfigurationPlatforms) = preSolution
		Debug|x64 = Debug|x64
		Debug|x86 = Debug|x86
		Release|x64 = Release|x64
		Release|x86 = Release|x86
	EndGlobalSection
	GlobalSection(ProjectConfigurationPlatforms) = postSolution
		{BFB9BB42-5A15-4087-8A60-7F600A3A6623}.Debug|x64.ActiveCfg = Debug|x64
		{BFB9BB42-5A15-4087-8A60-7F600A3A6623}.Debug|x64.Build.0 = Debug|x64
		{BFB9BB42-5A15-4087-8A60-7F600A3A6623}.Debug|x86.ActiveCfg = Debug|Win32
		{BFB9BB42-5A15-4087-8A60-7F600A3A6623}.Debug|x86.Build.0 = Debug|Win32
		{BFB9BB42-5A15-4087-8A60-7F600A3A6623}.Release|x64.ActiveCfg = Release|x64
		{BFB9BB42-5A15-4087-8A60-7F600A3A6623}.Release|x64.Build.0 = Release|x64
		{BFB9BB42-5A15-4087-8A60-7F600A3A6623}.Release|x86.ActiveCfg = Release|Win32
		{BFB9BB42-5A15-4087-8A60-7F600A3A6623}.Release|x86.Build.0 = Release|Win32
	EndGlobalSection
	GlobalSection(SolutionProperties) = preSolution
		HideSolutionNode = FALSE
	EndGlobalSection
	GlobalSection(ExtensibilityGlobals) = postSolution
		SolutionGuid = {3190AC12-CDA5-47B2-AE9F-71CD8E4EAB41}
	EndGlobalSection
EndGlobal
